// !$*UTF8*$!
{
	archiveVersion = 1;
	classes = {
	};
	objectVersion = 51;
	objects = {

/* Begin PBXBuildFile section */
		15F292B2F96576E376DA72E5 /* Pods_CatFacts.framework in Frameworks */ = {isa = PBXBuildFile; fileRef = 4CBE6F76D797E889BD3048F4 /* Pods_CatFacts.framework */; };
		3739E165DA7DB9589E17C193 /* Pods_CatFactsTests.framework in Frameworks */ = {isa = PBXBuildFile; fileRef = F4E363820331AD320D4809B1 /* Pods_CatFactsTests.framework */; };
		9CB67C8A26AD8AB9009B6376 /* AppDelegate.swift in Sources */ = {isa = PBXBuildFile; fileRef = 9CB67C8926AD8AB9009B6376 /* AppDelegate.swift */; };
		9CB67C9126AD8AB9009B6376 /* Main.storyboard in Resources */ = {isa = PBXBuildFile; fileRef = 9CB67C8F26AD8AB9009B6376 /* Main.storyboard */; };
		9CB67C9326AD8ABA009B6376 /* Assets.xcassets in Resources */ = {isa = PBXBuildFile; fileRef = 9CB67C9226AD8ABA009B6376 /* Assets.xcassets */; };
		9CB67C9626AD8ABA009B6376 /* LaunchScreen.storyboard in Resources */ = {isa = PBXBuildFile; fileRef = 9CB67C9426AD8ABA009B6376 /* LaunchScreen.storyboard */; };
		9CB67CA126AD8ABA009B6376 /* CatFactsTests.swift in Sources */ = {isa = PBXBuildFile; fileRef = 9CB67CA026AD8ABA009B6376 /* CatFactsTests.swift */; };
		9CB67CAC26AD8ABA009B6376 /* CatFactsUITests.swift in Sources */ = {isa = PBXBuildFile; fileRef = 9CB67CAB26AD8ABA009B6376 /* CatFactsUITests.swift */; };
		9CBB1C4726AF5E0000BD9B57 /* MainCoordinator.swift in Sources */ = {isa = PBXBuildFile; fileRef = 9CBB1C4626AF5E0000BD9B57 /* MainCoordinator.swift */; };
		9CBB1C4A26AF611A00BD9B57 /* CatFactsViewModel.swift in Sources */ = {isa = PBXBuildFile; fileRef = 9CBB1C4926AF611A00BD9B57 /* CatFactsViewModel.swift */; };
		9CD5F02726ADA7CB00CED3D6 /* CatFactsViewController.swift in Sources */ = {isa = PBXBuildFile; fileRef = 9CD5F02626ADA7CB00CED3D6 /* CatFactsViewController.swift */; };
		9CD5F02926ADA92800CED3D6 /* CatFactCell.swift in Sources */ = {isa = PBXBuildFile; fileRef = 9CD5F02826ADA92800CED3D6 /* CatFactCell.swift */; };
		9CD5F02D26AE0B7D00CED3D6 /* Env.swift in Sources */ = {isa = PBXBuildFile; fileRef = 9CD5F02C26AE0B7D00CED3D6 /* Env.swift */; };
		9CD5F02F26AE0B8A00CED3D6 /* Environment.swift in Sources */ = {isa = PBXBuildFile; fileRef = 9CD5F02E26AE0B8A00CED3D6 /* Environment.swift */; };
		9CD5F03426AE106C00CED3D6 /* ApiManager.swift in Sources */ = {isa = PBXBuildFile; fileRef = 9CD5F03326AE106C00CED3D6 /* ApiManager.swift */; };
		9CD5F03726AE113400CED3D6 /* APIError.swift in Sources */ = {isa = PBXBuildFile; fileRef = 9CD5F03626AE113400CED3D6 /* APIError.swift */; };
		9CD5F03926AE22D900CED3D6 /* CatImageResponse.swift in Sources */ = {isa = PBXBuildFile; fileRef = 9CD5F03826AE22D900CED3D6 /* CatImageResponse.swift */; };
		9CF9672626B0AE04009140B2 /* TableRow.swift in Sources */ = {isa = PBXBuildFile; fileRef = 9CF9672526B0AE04009140B2 /* TableRow.swift */; };
		9CF9672826B0AEA9009140B2 /* TableSection.swift in Sources */ = {isa = PBXBuildFile; fileRef = 9CF9672726B0AEA9009140B2 /* TableSection.swift */; };
		9CF9672B26B0AF09009140B2 /* TableModel.swift in Sources */ = {isa = PBXBuildFile; fileRef = 9CF9672A26B0AF09009140B2 /* TableModel.swift */; };
		9CF9672D26B0AF44009140B2 /* CellRegister.swift in Sources */ = {isa = PBXBuildFile; fileRef = 9CF9672C26B0AF44009140B2 /* CellRegister.swift */; };
		9CF9672F26B0BD30009140B2 /* CatFactResponse.swift in Sources */ = {isa = PBXBuildFile; fileRef = 9CF9672E26B0BD30009140B2 /* CatFactResponse.swift */; };
		9CF9673126B0BF54009140B2 /* Constants.swift in Sources */ = {isa = PBXBuildFile; fileRef = 9CF9673026B0BF54009140B2 /* Constants.swift */; };
		EA543439EF3FBA9A29C25AF6 /* Pods_CatFacts_CatFactsUITests.framework in Frameworks */ = {isa = PBXBuildFile; fileRef = A94D6778362B5249D625AB4E /* Pods_CatFacts_CatFactsUITests.framework */; };
/* End PBXBuildFile section */

/* Begin PBXContainerItemProxy section */
		9CB67C9D26AD8ABA009B6376 /* PBXContainerItemProxy */ = {
			isa = PBXContainerItemProxy;
			containerPortal = 9CB67C7E26AD8AB9009B6376 /* Project object */;
			proxyType = 1;
			remoteGlobalIDString = 9CB67C8526AD8AB9009B6376;
			remoteInfo = CatFacts;
		};
		9CB67CA826AD8ABA009B6376 /* PBXContainerItemProxy */ = {
			isa = PBXContainerItemProxy;
			containerPortal = 9CB67C7E26AD8AB9009B6376 /* Project object */;
			proxyType = 1;
			remoteGlobalIDString = 9CB67C8526AD8AB9009B6376;
			remoteInfo = CatFacts;
		};
/* End PBXContainerItemProxy section */

/* Begin PBXFileReference section */
		4CBE6F76D797E889BD3048F4 /* Pods_CatFacts.framework */ = {isa = PBXFileReference; explicitFileType = wrapper.framework; includeInIndex = 0; path = Pods_CatFacts.framework; sourceTree = BUILT_PRODUCTS_DIR; };
		6E04B91EAF5902A04C2BBE79 /* Pods-CatFacts.release.xcconfig */ = {isa = PBXFileReference; includeInIndex = 1; lastKnownFileType = text.xcconfig; name = "Pods-CatFacts.release.xcconfig"; path = "Target Support Files/Pods-CatFacts/Pods-CatFacts.release.xcconfig"; sourceTree = "<group>"; };
		7F8A9998C3DE1300BF715540 /* Pods-CatFacts-CatFactsUITests.release.xcconfig */ = {isa = PBXFileReference; includeInIndex = 1; lastKnownFileType = text.xcconfig; name = "Pods-CatFacts-CatFactsUITests.release.xcconfig"; path = "Target Support Files/Pods-CatFacts-CatFactsUITests/Pods-CatFacts-CatFactsUITests.release.xcconfig"; sourceTree = "<group>"; };
		9CB67C8626AD8AB9009B6376 /* CatFacts.app */ = {isa = PBXFileReference; explicitFileType = wrapper.application; includeInIndex = 0; path = CatFacts.app; sourceTree = BUILT_PRODUCTS_DIR; };
		9CB67C8926AD8AB9009B6376 /* AppDelegate.swift */ = {isa = PBXFileReference; lastKnownFileType = sourcecode.swift; path = AppDelegate.swift; sourceTree = "<group>"; };
		9CB67C9026AD8AB9009B6376 /* Base */ = {isa = PBXFileReference; lastKnownFileType = file.storyboard; name = Base; path = Base.lproj/Main.storyboard; sourceTree = "<group>"; };
		9CB67C9226AD8ABA009B6376 /* Assets.xcassets */ = {isa = PBXFileReference; lastKnownFileType = folder.assetcatalog; path = Assets.xcassets; sourceTree = "<group>"; };
		9CB67C9526AD8ABA009B6376 /* Base */ = {isa = PBXFileReference; lastKnownFileType = file.storyboard; name = Base; path = Base.lproj/LaunchScreen.storyboard; sourceTree = "<group>"; };
		9CB67C9726AD8ABA009B6376 /* Info.plist */ = {isa = PBXFileReference; lastKnownFileType = text.plist.xml; path = Info.plist; sourceTree = "<group>"; };
		9CB67C9C26AD8ABA009B6376 /* CatFactsTests.xctest */ = {isa = PBXFileReference; explicitFileType = wrapper.cfbundle; includeInIndex = 0; path = CatFactsTests.xctest; sourceTree = BUILT_PRODUCTS_DIR; };
		9CB67CA026AD8ABA009B6376 /* CatFactsTests.swift */ = {isa = PBXFileReference; lastKnownFileType = sourcecode.swift; path = CatFactsTests.swift; sourceTree = "<group>"; };
		9CB67CA226AD8ABA009B6376 /* Info.plist */ = {isa = PBXFileReference; lastKnownFileType = text.plist.xml; path = Info.plist; sourceTree = "<group>"; };
		9CB67CA726AD8ABA009B6376 /* CatFactsUITests.xctest */ = {isa = PBXFileReference; explicitFileType = wrapper.cfbundle; includeInIndex = 0; path = CatFactsUITests.xctest; sourceTree = BUILT_PRODUCTS_DIR; };
		9CB67CAB26AD8ABA009B6376 /* CatFactsUITests.swift */ = {isa = PBXFileReference; lastKnownFileType = sourcecode.swift; path = CatFactsUITests.swift; sourceTree = "<group>"; };
		9CB67CAD26AD8ABA009B6376 /* Info.plist */ = {isa = PBXFileReference; lastKnownFileType = text.plist.xml; path = Info.plist; sourceTree = "<group>"; };
		9CBB1C4626AF5E0000BD9B57 /* MainCoordinator.swift */ = {isa = PBXFileReference; lastKnownFileType = sourcecode.swift; path = MainCoordinator.swift; sourceTree = "<group>"; };
		9CBB1C4926AF611A00BD9B57 /* CatFactsViewModel.swift */ = {isa = PBXFileReference; lastKnownFileType = sourcecode.swift; path = CatFactsViewModel.swift; sourceTree = "<group>"; };
		9CD5F02626ADA7CB00CED3D6 /* CatFactsViewController.swift */ = {isa = PBXFileReference; lastKnownFileType = sourcecode.swift; path = CatFactsViewController.swift; sourceTree = "<group>"; };
		9CD5F02826ADA92800CED3D6 /* CatFactCell.swift */ = {isa = PBXFileReference; lastKnownFileType = sourcecode.swift; path = CatFactCell.swift; sourceTree = "<group>"; };
		9CD5F02C26AE0B7D00CED3D6 /* Env.swift */ = {isa = PBXFileReference; lastKnownFileType = sourcecode.swift; path = Env.swift; sourceTree = "<group>"; };
		9CD5F02E26AE0B8A00CED3D6 /* Environment.swift */ = {isa = PBXFileReference; lastKnownFileType = sourcecode.swift; path = Environment.swift; sourceTree = "<group>"; };
		9CD5F03326AE106C00CED3D6 /* ApiManager.swift */ = {isa = PBXFileReference; lastKnownFileType = sourcecode.swift; path = ApiManager.swift; sourceTree = "<group>"; };
		9CD5F03626AE113400CED3D6 /* APIError.swift */ = {isa = PBXFileReference; lastKnownFileType = sourcecode.swift; path = APIError.swift; sourceTree = "<group>"; };
		9CD5F03826AE22D900CED3D6 /* CatImageResponse.swift */ = {isa = PBXFileReference; lastKnownFileType = sourcecode.swift; path = CatImageResponse.swift; sourceTree = "<group>"; };
		9CF9672526B0AE04009140B2 /* TableRow.swift */ = {isa = PBXFileReference; lastKnownFileType = sourcecode.swift; path = TableRow.swift; sourceTree = "<group>"; };
		9CF9672726B0AEA9009140B2 /* TableSection.swift */ = {isa = PBXFileReference; lastKnownFileType = sourcecode.swift; path = TableSection.swift; sourceTree = "<group>"; };
		9CF9672A26B0AF09009140B2 /* TableModel.swift */ = {isa = PBXFileReference; lastKnownFileType = sourcecode.swift; path = TableModel.swift; sourceTree = "<group>"; };
		9CF9672C26B0AF44009140B2 /* CellRegister.swift */ = {isa = PBXFileReference; lastKnownFileType = sourcecode.swift; path = CellRegister.swift; sourceTree = "<group>"; };
		9CF9672E26B0BD30009140B2 /* CatFactResponse.swift */ = {isa = PBXFileReference; lastKnownFileType = sourcecode.swift; path = CatFactResponse.swift; sourceTree = "<group>"; };
		9CF9673026B0BF54009140B2 /* Constants.swift */ = {isa = PBXFileReference; lastKnownFileType = sourcecode.swift; path = Constants.swift; sourceTree = "<group>"; };
		A94D6778362B5249D625AB4E /* Pods_CatFacts_CatFactsUITests.framework */ = {isa = PBXFileReference; explicitFileType = wrapper.framework; includeInIndex = 0; path = Pods_CatFacts_CatFactsUITests.framework; sourceTree = BUILT_PRODUCTS_DIR; };
		B196F9E5615FE2B6B94C2086 /* Pods-CatFacts-CatFactsUITests.debug.xcconfig */ = {isa = PBXFileReference; includeInIndex = 1; lastKnownFileType = text.xcconfig; name = "Pods-CatFacts-CatFactsUITests.debug.xcconfig"; path = "Target Support Files/Pods-CatFacts-CatFactsUITests/Pods-CatFacts-CatFactsUITests.debug.xcconfig"; sourceTree = "<group>"; };
		BEA28FE51BD54895F1E19D31 /* Pods-CatFactsTests.release.xcconfig */ = {isa = PBXFileReference; includeInIndex = 1; lastKnownFileType = text.xcconfig; name = "Pods-CatFactsTests.release.xcconfig"; path = "Target Support Files/Pods-CatFactsTests/Pods-CatFactsTests.release.xcconfig"; sourceTree = "<group>"; };
		D33FFF899C09BFA043C8EF05 /* Pods-CatFacts.debug.xcconfig */ = {isa = PBXFileReference; includeInIndex = 1; lastKnownFileType = text.xcconfig; name = "Pods-CatFacts.debug.xcconfig"; path = "Target Support Files/Pods-CatFacts/Pods-CatFacts.debug.xcconfig"; sourceTree = "<group>"; };
		DA5A471653FF2C5157380D55 /* Pods-CatFactsTests.debug.xcconfig */ = {isa = PBXFileReference; includeInIndex = 1; lastKnownFileType = text.xcconfig; name = "Pods-CatFactsTests.debug.xcconfig"; path = "Target Support Files/Pods-CatFactsTests/Pods-CatFactsTests.debug.xcconfig"; sourceTree = "<group>"; };
		F4E363820331AD320D4809B1 /* Pods_CatFactsTests.framework */ = {isa = PBXFileReference; explicitFileType = wrapper.framework; includeInIndex = 0; path = Pods_CatFactsTests.framework; sourceTree = BUILT_PRODUCTS_DIR; };
/* End PBXFileReference section */

/* Begin PBXFrameworksBuildPhase section */
		9CB67C8326AD8AB9009B6376 /* Frameworks */ = {
			isa = PBXFrameworksBuildPhase;
			buildActionMask = 2147483647;
			files = (
				15F292B2F96576E376DA72E5 /* Pods_CatFacts.framework in Frameworks */,
			);
			runOnlyForDeploymentPostprocessing = 0;
		};
		9CB67C9926AD8ABA009B6376 /* Frameworks */ = {
			isa = PBXFrameworksBuildPhase;
			buildActionMask = 2147483647;
			files = (
				3739E165DA7DB9589E17C193 /* Pods_CatFactsTests.framework in Frameworks */,
			);
			runOnlyForDeploymentPostprocessing = 0;
		};
		9CB67CA426AD8ABA009B6376 /* Frameworks */ = {
			isa = PBXFrameworksBuildPhase;
			buildActionMask = 2147483647;
			files = (
				EA543439EF3FBA9A29C25AF6 /* Pods_CatFacts_CatFactsUITests.framework in Frameworks */,
			);
			runOnlyForDeploymentPostprocessing = 0;
		};
/* End PBXFrameworksBuildPhase section */

/* Begin PBXGroup section */
		6C241B9DA1DB3AA88A01DEC2 /* Pods */ = {
			isa = PBXGroup;
			children = (
				D33FFF899C09BFA043C8EF05 /* Pods-CatFacts.debug.xcconfig */,
				6E04B91EAF5902A04C2BBE79 /* Pods-CatFacts.release.xcconfig */,
				B196F9E5615FE2B6B94C2086 /* Pods-CatFacts-CatFactsUITests.debug.xcconfig */,
				7F8A9998C3DE1300BF715540 /* Pods-CatFacts-CatFactsUITests.release.xcconfig */,
				DA5A471653FF2C5157380D55 /* Pods-CatFactsTests.debug.xcconfig */,
				BEA28FE51BD54895F1E19D31 /* Pods-CatFactsTests.release.xcconfig */,
			);
			path = Pods;
			sourceTree = "<group>";
		};
		96DDDF370229A857D8A7580B /* Frameworks */ = {
			isa = PBXGroup;
			children = (
				4CBE6F76D797E889BD3048F4 /* Pods_CatFacts.framework */,
				A94D6778362B5249D625AB4E /* Pods_CatFacts_CatFactsUITests.framework */,
				F4E363820331AD320D4809B1 /* Pods_CatFactsTests.framework */,
			);
			name = Frameworks;
			sourceTree = "<group>";
		};
		9CB67C7D26AD8AB9009B6376 = {
			isa = PBXGroup;
			children = (
				9CB67C8826AD8AB9009B6376 /* CatFacts */,
				9CB67C9F26AD8ABA009B6376 /* CatFactsTests */,
				9CB67CAA26AD8ABA009B6376 /* CatFactsUITests */,
				9CB67C8726AD8AB9009B6376 /* Products */,
				6C241B9DA1DB3AA88A01DEC2 /* Pods */,
				96DDDF370229A857D8A7580B /* Frameworks */,
			);
			sourceTree = "<group>";
		};
		9CB67C8726AD8AB9009B6376 /* Products */ = {
			isa = PBXGroup;
			children = (
				9CB67C8626AD8AB9009B6376 /* CatFacts.app */,
				9CB67C9C26AD8ABA009B6376 /* CatFactsTests.xctest */,
				9CB67CA726AD8ABA009B6376 /* CatFactsUITests.xctest */,
			);
			name = Products;
			sourceTree = "<group>";
		};
		9CB67C8826AD8AB9009B6376 /* CatFacts */ = {
			isa = PBXGroup;
			children = (
				9CBB1C4526AF5A3E00BD9B57 /* Coordinator */,
				9CD5F03526AE112700CED3D6 /* Model */,
				9CBB1C4826AF610900BD9B57 /* ViewModel */,
				9CD5F02526AD9EDB00CED3D6 /* View */,
				9CD5F02426AD9ECF00CED3D6 /* ViewController */,
				9CD5F03026AE0EA200CED3D6 /* Services */,
				9CD5F02A26AE0B6000CED3D6 /* Utils */,
				9CBB1C4B26AF646600BD9B57 /* SupportingFiles */,
				9CB67C8F26AD8AB9009B6376 /* Main.storyboard */,
				9CB67C9426AD8ABA009B6376 /* LaunchScreen.storyboard */,
				9CB67C9726AD8ABA009B6376 /* Info.plist */,
			);
			path = CatFacts;
			sourceTree = "<group>";
		};
		9CB67C9F26AD8ABA009B6376 /* CatFactsTests */ = {
			isa = PBXGroup;
			children = (
				9CB67CA026AD8ABA009B6376 /* CatFactsTests.swift */,
				9CB67CA226AD8ABA009B6376 /* Info.plist */,
			);
			path = CatFactsTests;
			sourceTree = "<group>";
		};
		9CB67CAA26AD8ABA009B6376 /* CatFactsUITests */ = {
			isa = PBXGroup;
			children = (
				9CB67CAB26AD8ABA009B6376 /* CatFactsUITests.swift */,
				9CB67CAD26AD8ABA009B6376 /* Info.plist */,
			);
			path = CatFactsUITests;
			sourceTree = "<group>";
		};
		9CBB1C4526AF5A3E00BD9B57 /* Coordinator */ = {
			isa = PBXGroup;
			children = (
				9CBB1C4626AF5E0000BD9B57 /* MainCoordinator.swift */,
			);
			path = Coordinator;
			sourceTree = "<group>";
		};
		9CBB1C4826AF610900BD9B57 /* ViewModel */ = {
			isa = PBXGroup;
			children = (
				9CBB1C4926AF611A00BD9B57 /* CatFactsViewModel.swift */,
			);
			path = ViewModel;
			sourceTree = "<group>";
		};
		9CBB1C4B26AF646600BD9B57 /* SupportingFiles */ = {
			isa = PBXGroup;
			children = (
				9CB67C8926AD8AB9009B6376 /* AppDelegate.swift */,
				9CB67C9226AD8ABA009B6376 /* Assets.xcassets */,
			);
			path = SupportingFiles;
			sourceTree = "<group>";
		};
		9CD5F02426AD9ECF00CED3D6 /* ViewController */ = {
			isa = PBXGroup;
			children = (
				9CD5F02626ADA7CB00CED3D6 /* CatFactsViewController.swift */,
			);
			path = ViewController;
			sourceTree = "<group>";
		};
		9CD5F02526AD9EDB00CED3D6 /* View */ = {
			isa = PBXGroup;
			children = (
				9CD5F02826ADA92800CED3D6 /* CatFactCell.swift */,
			);
			path = View;
			sourceTree = "<group>";
		};
		9CD5F02A26AE0B6000CED3D6 /* Utils */ = {
			isa = PBXGroup;
			children = (
				9CF9672326B0ADE0009140B2 /* UITools */,
				9CD5F02B26AE0B6C00CED3D6 /* DI */,
				9CF9673026B0BF54009140B2 /* Constants.swift */,
			);
			path = Utils;
			sourceTree = "<group>";
		};
		9CD5F02B26AE0B6C00CED3D6 /* DI */ = {
			isa = PBXGroup;
			children = (
				9CD5F02C26AE0B7D00CED3D6 /* Env.swift */,
				9CD5F02E26AE0B8A00CED3D6 /* Environment.swift */,
			);
			path = DI;
			sourceTree = "<group>";
		};
		9CD5F03026AE0EA200CED3D6 /* Services */ = {
			isa = PBXGroup;
			children = (
				9CD5F03326AE106C00CED3D6 /* ApiManager.swift */,
			);
			path = Services;
			sourceTree = "<group>";
		};
		9CD5F03526AE112700CED3D6 /* Model */ = {
			isa = PBXGroup;
			children = (
				9CD5F03626AE113400CED3D6 /* APIError.swift */,
				9CD5F03826AE22D900CED3D6 /* CatImageResponse.swift */,
				9CF9672E26B0BD30009140B2 /* CatFactResponse.swift */,
			);
			path = Model;
			sourceTree = "<group>";
		};
		9CF9672326B0ADE0009140B2 /* UITools */ = {
			isa = PBXGroup;
			children = (
				9CF9672426B0ADF0009140B2 /* TableModel */,
			);
			path = UITools;
			sourceTree = "<group>";
		};
		9CF9672426B0ADF0009140B2 /* TableModel */ = {
			isa = PBXGroup;
			children = (
				9CF9672526B0AE04009140B2 /* TableRow.swift */,
				9CF9672726B0AEA9009140B2 /* TableSection.swift */,
				9CF9672A26B0AF09009140B2 /* TableModel.swift */,
				9CF9672C26B0AF44009140B2 /* CellRegister.swift */,
			);
			path = TableModel;
			sourceTree = "<group>";
		};
/* End PBXGroup section */

/* Begin PBXNativeTarget section */
		9CB67C8526AD8AB9009B6376 /* CatFacts */ = {
			isa = PBXNativeTarget;
			buildConfigurationList = 9CB67CB026AD8ABA009B6376 /* Build configuration list for PBXNativeTarget "CatFacts" */;
			buildPhases = (
				53C8D4512C4C4FC16A74A6EB /* [CP] Check Pods Manifest.lock */,
				9CB67C8226AD8AB9009B6376 /* Sources */,
				9CB67C8326AD8AB9009B6376 /* Frameworks */,
				9CB67C8426AD8AB9009B6376 /* Resources */,
				AD3FBCFBC8AE9AC18A0FA0A8 /* [CP] Embed Pods Frameworks */,
			);
			buildRules = (
			);
			dependencies = (
			);
			name = CatFacts;
			productName = CatFacts;
			productReference = 9CB67C8626AD8AB9009B6376 /* CatFacts.app */;
			productType = "com.apple.product-type.application";
		};
		9CB67C9B26AD8ABA009B6376 /* CatFactsTests */ = {
			isa = PBXNativeTarget;
			buildConfigurationList = 9CB67CB326AD8ABA009B6376 /* Build configuration list for PBXNativeTarget "CatFactsTests" */;
			buildPhases = (
				2AAEB9F93E008C5B598FDA4C /* [CP] Check Pods Manifest.lock */,
				9CB67C9826AD8ABA009B6376 /* Sources */,
				9CB67C9926AD8ABA009B6376 /* Frameworks */,
				9CB67C9A26AD8ABA009B6376 /* Resources */,
			);
			buildRules = (
			);
			dependencies = (
				9CB67C9E26AD8ABA009B6376 /* PBXTargetDependency */,
			);
			name = CatFactsTests;
			productName = CatFactsTests;
			productReference = 9CB67C9C26AD8ABA009B6376 /* CatFactsTests.xctest */;
			productType = "com.apple.product-type.bundle.unit-test";
		};
		9CB67CA626AD8ABA009B6376 /* CatFactsUITests */ = {
			isa = PBXNativeTarget;
			buildConfigurationList = 9CB67CB626AD8ABA009B6376 /* Build configuration list for PBXNativeTarget "CatFactsUITests" */;
			buildPhases = (
				FACCC5456334E73A0DE7C1EA /* [CP] Check Pods Manifest.lock */,
				9CB67CA326AD8ABA009B6376 /* Sources */,
				9CB67CA426AD8ABA009B6376 /* Frameworks */,
				9CB67CA526AD8ABA009B6376 /* Resources */,
				F9ADF41FCC65F8640E53FD82 /* [CP] Embed Pods Frameworks */,
			);
			buildRules = (
			);
			dependencies = (
				9CB67CA926AD8ABA009B6376 /* PBXTargetDependency */,
			);
			name = CatFactsUITests;
			productName = CatFactsUITests;
			productReference = 9CB67CA726AD8ABA009B6376 /* CatFactsUITests.xctest */;
			productType = "com.apple.product-type.bundle.ui-testing";
		};
/* End PBXNativeTarget section */

/* Begin PBXProject section */
		9CB67C7E26AD8AB9009B6376 /* Project object */ = {
			isa = PBXProject;
			attributes = {
				LastSwiftUpdateCheck = 1250;
				LastUpgradeCheck = 1250;
				TargetAttributes = {
					9CB67C8526AD8AB9009B6376 = {
						CreatedOnToolsVersion = 12.5;
					};
					9CB67C9B26AD8ABA009B6376 = {
						CreatedOnToolsVersion = 12.5;
						TestTargetID = 9CB67C8526AD8AB9009B6376;
					};
					9CB67CA626AD8ABA009B6376 = {
						CreatedOnToolsVersion = 12.5;
						TestTargetID = 9CB67C8526AD8AB9009B6376;
					};
				};
			};
			buildConfigurationList = 9CB67C8126AD8AB9009B6376 /* Build configuration list for PBXProject "CatFacts" */;
			compatibilityVersion = "Xcode 9.3";
			developmentRegion = en;
			hasScannedForEncodings = 0;
			knownRegions = (
				en,
				Base,
			);
			mainGroup = 9CB67C7D26AD8AB9009B6376;
			productRefGroup = 9CB67C8726AD8AB9009B6376 /* Products */;
			projectDirPath = "";
			projectRoot = "";
			targets = (
				9CB67C8526AD8AB9009B6376 /* CatFacts */,
				9CB67C9B26AD8ABA009B6376 /* CatFactsTests */,
				9CB67CA626AD8ABA009B6376 /* CatFactsUITests */,
			);
		};
/* End PBXProject section */

/* Begin PBXResourcesBuildPhase section */
		9CB67C8426AD8AB9009B6376 /* Resources */ = {
			isa = PBXResourcesBuildPhase;
			buildActionMask = 2147483647;
			files = (
				9CB67C9626AD8ABA009B6376 /* LaunchScreen.storyboard in Resources */,
				9CB67C9326AD8ABA009B6376 /* Assets.xcassets in Resources */,
				9CB67C9126AD8AB9009B6376 /* Main.storyboard in Resources */,
			);
			runOnlyForDeploymentPostprocessing = 0;
		};
		9CB67C9A26AD8ABA009B6376 /* Resources */ = {
			isa = PBXResourcesBuildPhase;
			buildActionMask = 2147483647;
			files = (
			);
			runOnlyForDeploymentPostprocessing = 0;
		};
		9CB67CA526AD8ABA009B6376 /* Resources */ = {
			isa = PBXResourcesBuildPhase;
			buildActionMask = 2147483647;
			files = (
			);
			runOnlyForDeploymentPostprocessing = 0;
		};
/* End PBXResourcesBuildPhase section */

/* Begin PBXShellScriptBuildPhase section */
		2AAEB9F93E008C5B598FDA4C /* [CP] Check Pods Manifest.lock */ = {
			isa = PBXShellScriptBuildPhase;
			buildActionMask = 2147483647;
			files = (
			);
			inputFileListPaths = (
			);
			inputPaths = (
				"${PODS_PODFILE_DIR_PATH}/Podfile.lock",
				"${PODS_ROOT}/Manifest.lock",
			);
			name = "[CP] Check Pods Manifest.lock";
			outputFileListPaths = (
			);
			outputPaths = (
				"$(DERIVED_FILE_DIR)/Pods-CatFactsTests-checkManifestLockResult.txt",
			);
			runOnlyForDeploymentPostprocessing = 0;
			shellPath = /bin/sh;
			shellScript = "diff \"${PODS_PODFILE_DIR_PATH}/Podfile.lock\" \"${PODS_ROOT}/Manifest.lock\" > /dev/null\nif [ $? != 0 ] ; then\n    # print error to STDERR\n    echo \"error: The sandbox is not in sync with the Podfile.lock. Run 'pod install' or update your CocoaPods installation.\" >&2\n    exit 1\nfi\n# This output is used by Xcode 'outputs' to avoid re-running this script phase.\necho \"SUCCESS\" > \"${SCRIPT_OUTPUT_FILE_0}\"\n";
			showEnvVarsInLog = 0;
		};
		53C8D4512C4C4FC16A74A6EB /* [CP] Check Pods Manifest.lock */ = {
			isa = PBXShellScriptBuildPhase;
			buildActionMask = 2147483647;
			files = (
			);
			inputFileListPaths = (
			);
			inputPaths = (
				"${PODS_PODFILE_DIR_PATH}/Podfile.lock",
				"${PODS_ROOT}/Manifest.lock",
			);
			name = "[CP] Check Pods Manifest.lock";
			outputFileListPaths = (
			);
			outputPaths = (
				"$(DERIVED_FILE_DIR)/Pods-CatFacts-checkManifestLockResult.txt",
			);
			runOnlyForDeploymentPostprocessing = 0;
			shellPath = /bin/sh;
			shellScript = "diff \"${PODS_PODFILE_DIR_PATH}/Podfile.lock\" \"${PODS_ROOT}/Manifest.lock\" > /dev/null\nif [ $? != 0 ] ; then\n    # print error to STDERR\n    echo \"error: The sandbox is not in sync with the Podfile.lock. Run 'pod install' or update your CocoaPods installation.\" >&2\n    exit 1\nfi\n# This output is used by Xcode 'outputs' to avoid re-running this script phase.\necho \"SUCCESS\" > \"${SCRIPT_OUTPUT_FILE_0}\"\n";
			showEnvVarsInLog = 0;
		};
		AD3FBCFBC8AE9AC18A0FA0A8 /* [CP] Embed Pods Frameworks */ = {
			isa = PBXShellScriptBuildPhase;
			buildActionMask = 2147483647;
			files = (
			);
			inputFileListPaths = (
				"${PODS_ROOT}/Target Support Files/Pods-CatFacts/Pods-CatFacts-frameworks-${CONFIGURATION}-input-files.xcfilelist",
			);
			name = "[CP] Embed Pods Frameworks";
			outputFileListPaths = (
				"${PODS_ROOT}/Target Support Files/Pods-CatFacts/Pods-CatFacts-frameworks-${CONFIGURATION}-output-files.xcfilelist",
			);
			runOnlyForDeploymentPostprocessing = 0;
			shellPath = /bin/sh;
			shellScript = "\"${PODS_ROOT}/Target Support Files/Pods-CatFacts/Pods-CatFacts-frameworks.sh\"\n";
			showEnvVarsInLog = 0;
		};
		F9ADF41FCC65F8640E53FD82 /* [CP] Embed Pods Frameworks */ = {
			isa = PBXShellScriptBuildPhase;
			buildActionMask = 2147483647;
			files = (
			);
			inputFileListPaths = (
				"${PODS_ROOT}/Target Support Files/Pods-CatFacts-CatFactsUITests/Pods-CatFacts-CatFactsUITests-frameworks-${CONFIGURATION}-input-files.xcfilelist",
			);
			name = "[CP] Embed Pods Frameworks";
			outputFileListPaths = (
				"${PODS_ROOT}/Target Support Files/Pods-CatFacts-CatFactsUITests/Pods-CatFacts-CatFactsUITests-frameworks-${CONFIGURATION}-output-files.xcfilelist",
			);
			runOnlyForDeploymentPostprocessing = 0;
			shellPath = /bin/sh;
			shellScript = "\"${PODS_ROOT}/Target Support Files/Pods-CatFacts-CatFactsUITests/Pods-CatFacts-CatFactsUITests-frameworks.sh\"\n";
			showEnvVarsInLog = 0;
		};
		FACCC5456334E73A0DE7C1EA /* [CP] Check Pods Manifest.lock */ = {
			isa = PBXShellScriptBuildPhase;
			buildActionMask = 2147483647;
			files = (
			);
			inputFileListPaths = (
			);
			inputPaths = (
				"${PODS_PODFILE_DIR_PATH}/Podfile.lock",
				"${PODS_ROOT}/Manifest.lock",
			);
			name = "[CP] Check Pods Manifest.lock";
			outputFileListPaths = (
			);
			outputPaths = (
				"$(DERIVED_FILE_DIR)/Pods-CatFacts-CatFactsUITests-checkManifestLockResult.txt",
			);
			runOnlyForDeploymentPostprocessing = 0;
			shellPath = /bin/sh;
			shellScript = "diff \"${PODS_PODFILE_DIR_PATH}/Podfile.lock\" \"${PODS_ROOT}/Manifest.lock\" > /dev/null\nif [ $? != 0 ] ; then\n    # print error to STDERR\n    echo \"error: The sandbox is not in sync with the Podfile.lock. Run 'pod install' or update your CocoaPods installation.\" >&2\n    exit 1\nfi\n# This output is used by Xcode 'outputs' to avoid re-running this script phase.\necho \"SUCCESS\" > \"${SCRIPT_OUTPUT_FILE_0}\"\n";
			showEnvVarsInLog = 0;
		};
/* End PBXShellScriptBuildPhase section */

/* Begin PBXSourcesBuildPhase section */
		9CB67C8226AD8AB9009B6376 /* Sources */ = {
			isa = PBXSourcesBuildPhase;
			buildActionMask = 2147483647;
			files = (
				9CF9672826B0AEA9009140B2 /* TableSection.swift in Sources */,
				9CF9673126B0BF54009140B2 /* Constants.swift in Sources */,
				9CB67C8A26AD8AB9009B6376 /* AppDelegate.swift in Sources */,
				9CD5F02D26AE0B7D00CED3D6 /* Env.swift in Sources */,
				9CD5F03926AE22D900CED3D6 /* CatImageResponse.swift in Sources */,
				9CBB1C4726AF5E0000BD9B57 /* MainCoordinator.swift in Sources */,
				9CF9672B26B0AF09009140B2 /* TableModel.swift in Sources */,
				9CF9672626B0AE04009140B2 /* TableRow.swift in Sources */,
				9CD5F03426AE106C00CED3D6 /* ApiManager.swift in Sources */,
				9CF9672F26B0BD30009140B2 /* CatFactResponse.swift in Sources */,
				9CD5F02726ADA7CB00CED3D6 /* CatFactsViewController.swift in Sources */,
				9CD5F03726AE113400CED3D6 /* APIError.swift in Sources */,
				9CF9672D26B0AF44009140B2 /* CellRegister.swift in Sources */,
				9CD5F02926ADA92800CED3D6 /* CatFactCell.swift in Sources */,
				9CBB1C4A26AF611A00BD9B57 /* CatFactsViewModel.swift in Sources */,
				9CD5F02F26AE0B8A00CED3D6 /* Environment.swift in Sources */,
			);
			runOnlyForDeploymentPostprocessing = 0;
		};
		9CB67C9826AD8ABA009B6376 /* Sources */ = {
			isa = PBXSourcesBuildPhase;
			buildActionMask = 2147483647;
			files = (
				9CB67CA126AD8ABA009B6376 /* CatFactsTests.swift in Sources */,
			);
			runOnlyForDeploymentPostprocessing = 0;
		};
		9CB67CA326AD8ABA009B6376 /* Sources */ = {
			isa = PBXSourcesBuildPhase;
			buildActionMask = 2147483647;
			files = (
				9CB67CAC26AD8ABA009B6376 /* CatFactsUITests.swift in Sources */,
			);
			runOnlyForDeploymentPostprocessing = 0;
		};
/* End PBXSourcesBuildPhase section */

/* Begin PBXTargetDependency section */
		9CB67C9E26AD8ABA009B6376 /* PBXTargetDependency */ = {
			isa = PBXTargetDependency;
			target = 9CB67C8526AD8AB9009B6376 /* CatFacts */;
			targetProxy = 9CB67C9D26AD8ABA009B6376 /* PBXContainerItemProxy */;
		};
		9CB67CA926AD8ABA009B6376 /* PBXTargetDependency */ = {
			isa = PBXTargetDependency;
			target = 9CB67C8526AD8AB9009B6376 /* CatFacts */;
			targetProxy = 9CB67CA826AD8ABA009B6376 /* PBXContainerItemProxy */;
		};
/* End PBXTargetDependency section */

/* Begin PBXVariantGroup section */
		9CB67C8F26AD8AB9009B6376 /* Main.storyboard */ = {
			isa = PBXVariantGroup;
			children = (
				9CB67C9026AD8AB9009B6376 /* Base */,
			);
			name = Main.storyboard;
			sourceTree = "<group>";
		};
		9CB67C9426AD8ABA009B6376 /* LaunchScreen.storyboard */ = {
			isa = PBXVariantGroup;
			children = (
				9CB67C9526AD8ABA009B6376 /* Base */,
			);
			name = LaunchScreen.storyboard;
			sourceTree = "<group>";
		};
/* End PBXVariantGroup section */

/* Begin XCBuildConfiguration section */
		9CB67CAE26AD8ABA009B6376 /* Debug */ = {
			isa = XCBuildConfiguration;
			buildSettings = {
				ALWAYS_SEARCH_USER_PATHS = NO;
				CLANG_ANALYZER_NONNULL = YES;
				CLANG_ANALYZER_NUMBER_OBJECT_CONVERSION = YES_AGGRESSIVE;
				CLANG_CXX_LANGUAGE_STANDARD = "gnu++14";
				CLANG_CXX_LIBRARY = "libc++";
				CLANG_ENABLE_MODULES = YES;
				CLANG_ENABLE_OBJC_ARC = YES;
				CLANG_ENABLE_OBJC_WEAK = YES;
				CLANG_WARN_BLOCK_CAPTURE_AUTORELEASING = YES;
				CLANG_WARN_BOOL_CONVERSION = YES;
				CLANG_WARN_COMMA = YES;
				CLANG_WARN_CONSTANT_CONVERSION = YES;
				CLANG_WARN_DEPRECATED_OBJC_IMPLEMENTATIONS = YES;
				CLANG_WARN_DIRECT_OBJC_ISA_USAGE = YES_ERROR;
				CLANG_WARN_DOCUMENTATION_COMMENTS = YES;
				CLANG_WARN_EMPTY_BODY = YES;
				CLANG_WARN_ENUM_CONVERSION = YES;
				CLANG_WARN_INFINITE_RECURSION = YES;
				CLANG_WARN_INT_CONVERSION = YES;
				CLANG_WARN_NON_LITERAL_NULL_CONVERSION = YES;
				CLANG_WARN_OBJC_IMPLICIT_RETAIN_SELF = YES;
				CLANG_WARN_OBJC_LITERAL_CONVERSION = YES;
				CLANG_WARN_OBJC_ROOT_CLASS = YES_ERROR;
				CLANG_WARN_QUOTED_INCLUDE_IN_FRAMEWORK_HEADER = YES;
				CLANG_WARN_RANGE_LOOP_ANALYSIS = YES;
				CLANG_WARN_STRICT_PROTOTYPES = YES;
				CLANG_WARN_SUSPICIOUS_MOVE = YES;
				CLANG_WARN_UNGUARDED_AVAILABILITY = YES_AGGRESSIVE;
				CLANG_WARN_UNREACHABLE_CODE = YES;
				CLANG_WARN__DUPLICATE_METHOD_MATCH = YES;
				COPY_PHASE_STRIP = NO;
				DEBUG_INFORMATION_FORMAT = dwarf;
				ENABLE_STRICT_OBJC_MSGSEND = YES;
				ENABLE_TESTABILITY = YES;
				GCC_C_LANGUAGE_STANDARD = gnu11;
				GCC_DYNAMIC_NO_PIC = NO;
				GCC_NO_COMMON_BLOCKS = YES;
				GCC_OPTIMIZATION_LEVEL = 0;
				GCC_PREPROCESSOR_DEFINITIONS = (
					"DEBUG=1",
					"$(inherited)",
				);
				GCC_WARN_64_TO_32_BIT_CONVERSION = YES;
				GCC_WARN_ABOUT_RETURN_TYPE = YES_ERROR;
				GCC_WARN_UNDECLARED_SELECTOR = YES;
				GCC_WARN_UNINITIALIZED_AUTOS = YES_AGGRESSIVE;
				GCC_WARN_UNUSED_FUNCTION = YES;
				GCC_WARN_UNUSED_VARIABLE = YES;
				IPHONEOS_DEPLOYMENT_TARGET = 14.5;
				MTL_ENABLE_DEBUG_INFO = INCLUDE_SOURCE;
				MTL_FAST_MATH = YES;
				ONLY_ACTIVE_ARCH = YES;
				SDKROOT = iphoneos;
				SWIFT_ACTIVE_COMPILATION_CONDITIONS = DEBUG;
				SWIFT_OPTIMIZATION_LEVEL = "-Onone";
			};
			name = Debug;
		};
		9CB67CAF26AD8ABA009B6376 /* Release */ = {
			isa = XCBuildConfiguration;
			buildSettings = {
				ALWAYS_SEARCH_USER_PATHS = NO;
				CLANG_ANALYZER_NONNULL = YES;
				CLANG_ANALYZER_NUMBER_OBJECT_CONVERSION = YES_AGGRESSIVE;
				CLANG_CXX_LANGUAGE_STANDARD = "gnu++14";
				CLANG_CXX_LIBRARY = "libc++";
				CLANG_ENABLE_MODULES = YES;
				CLANG_ENABLE_OBJC_ARC = YES;
				CLANG_ENABLE_OBJC_WEAK = YES;
				CLANG_WARN_BLOCK_CAPTURE_AUTORELEASING = YES;
				CLANG_WARN_BOOL_CONVERSION = YES;
				CLANG_WARN_COMMA = YES;
				CLANG_WARN_CONSTANT_CONVERSION = YES;
				CLANG_WARN_DEPRECATED_OBJC_IMPLEMENTATIONS = YES;
				CLANG_WARN_DIRECT_OBJC_ISA_USAGE = YES_ERROR;
				CLANG_WARN_DOCUMENTATION_COMMENTS = YES;
				CLANG_WARN_EMPTY_BODY = YES;
				CLANG_WARN_ENUM_CONVERSION = YES;
				CLANG_WARN_INFINITE_RECURSION = YES;
				CLANG_WARN_INT_CONVERSION = YES;
				CLANG_WARN_NON_LITERAL_NULL_CONVERSION = YES;
				CLANG_WARN_OBJC_IMPLICIT_RETAIN_SELF = YES;
				CLANG_WARN_OBJC_LITERAL_CONVERSION = YES;
				CLANG_WARN_OBJC_ROOT_CLASS = YES_ERROR;
				CLANG_WARN_QUOTED_INCLUDE_IN_FRAMEWORK_HEADER = YES;
				CLANG_WARN_RANGE_LOOP_ANALYSIS = YES;
				CLANG_WARN_STRICT_PROTOTYPES = YES;
				CLANG_WARN_SUSPICIOUS_MOVE = YES;
				CLANG_WARN_UNGUARDED_AVAILABILITY = YES_AGGRESSIVE;
				CLANG_WARN_UNREACHABLE_CODE = YES;
				CLANG_WARN__DUPLICATE_METHOD_MATCH = YES;
				COPY_PHASE_STRIP = NO;
				DEBUG_INFORMATION_FORMAT = "dwarf-with-dsym";
				ENABLE_NS_ASSERTIONS = NO;
				ENABLE_STRICT_OBJC_MSGSEND = YES;
				GCC_C_LANGUAGE_STANDARD = gnu11;
				GCC_NO_COMMON_BLOCKS = YES;
				GCC_WARN_64_TO_32_BIT_CONVERSION = YES;
				GCC_WARN_ABOUT_RETURN_TYPE = YES_ERROR;
				GCC_WARN_UNDECLARED_SELECTOR = YES;
				GCC_WARN_UNINITIALIZED_AUTOS = YES_AGGRESSIVE;
				GCC_WARN_UNUSED_FUNCTION = YES;
				GCC_WARN_UNUSED_VARIABLE = YES;
				IPHONEOS_DEPLOYMENT_TARGET = 14.5;
				MTL_ENABLE_DEBUG_INFO = NO;
				MTL_FAST_MATH = YES;
				SDKROOT = iphoneos;
				SWIFT_COMPILATION_MODE = wholemodule;
				SWIFT_OPTIMIZATION_LEVEL = "-O";
				VALIDATE_PRODUCT = YES;
			};
			name = Release;
		};
		9CB67CB126AD8ABA009B6376 /* Debug */ = {
			isa = XCBuildConfiguration;
			baseConfigurationReference = D33FFF899C09BFA043C8EF05 /* Pods-CatFacts.debug.xcconfig */;
			buildSettings = {
				ASSETCATALOG_COMPILER_APPICON_NAME = AppIcon;
				ASSETCATALOG_COMPILER_GLOBAL_ACCENT_COLOR_NAME = AccentColor;
				CODE_SIGN_STYLE = Automatic;
				DEVELOPMENT_TEAM = 8JH59DJ45H;
				INFOPLIST_FILE = CatFacts/Info.plist;
				IPHONEOS_DEPLOYMENT_TARGET = 12.1;
				LD_RUNPATH_SEARCH_PATHS = (
					"$(inherited)",
					"@executable_path/Frameworks",
				);
				PRODUCT_BUNDLE_IDENTIFIER = cz.ivannikov.CatFacts;
				PRODUCT_NAME = "$(TARGET_NAME)";
				SWIFT_VERSION = 5.0;
				TARGETED_DEVICE_FAMILY = 1;
			};
			name = Debug;
		};
		9CB67CB226AD8ABA009B6376 /* Release */ = {
			isa = XCBuildConfiguration;
			baseConfigurationReference = 6E04B91EAF5902A04C2BBE79 /* Pods-CatFacts.release.xcconfig */;
			buildSettings = {
				ASSETCATALOG_COMPILER_APPICON_NAME = AppIcon;
				ASSETCATALOG_COMPILER_GLOBAL_ACCENT_COLOR_NAME = AccentColor;
				CODE_SIGN_STYLE = Automatic;
				DEVELOPMENT_TEAM = 8JH59DJ45H;
				INFOPLIST_FILE = CatFacts/Info.plist;
				IPHONEOS_DEPLOYMENT_TARGET = 12.1;
				LD_RUNPATH_SEARCH_PATHS = (
					"$(inherited)",
					"@executable_path/Frameworks",
				);
				PRODUCT_BUNDLE_IDENTIFIER = cz.ivannikov.CatFacts;
				PRODUCT_NAME = "$(TARGET_NAME)";
				SWIFT_VERSION = 5.0;
				TARGETED_DEVICE_FAMILY = 1;
			};
			name = Release;
		};
		9CB67CB426AD8ABA009B6376 /* Debug */ = {
			isa = XCBuildConfiguration;
			baseConfigurationReference = DA5A471653FF2C5157380D55 /* Pods-CatFactsTests.debug.xcconfig */;
			buildSettings = {
				ALWAYS_EMBED_SWIFT_STANDARD_LIBRARIES = YES;
				BUNDLE_LOADER = "$(TEST_HOST)";
				CODE_SIGN_STYLE = Automatic;
				DEVELOPMENT_TEAM = 8JH59DJ45H;
				INFOPLIST_FILE = CatFactsTests/Info.plist;
				IPHONEOS_DEPLOYMENT_TARGET = 14.5;
				LD_RUNPATH_SEARCH_PATHS = (
					"$(inherited)",
					"@executable_path/Frameworks",
					"@loader_path/Frameworks",
				);
				PRODUCT_BUNDLE_IDENTIFIER = cz.ivannikov.CatFactsTests;
				PRODUCT_NAME = "$(TARGET_NAME)";
				SWIFT_VERSION = 5.0;
				TARGETED_DEVICE_FAMILY = "1,2";
				TEST_HOST = "$(BUILT_PRODUCTS_DIR)/CatFacts.app/CatFacts";
			};
			name = Debug;
		};
		9CB67CB526AD8ABA009B6376 /* Release */ = {
			isa = XCBuildConfiguration;
			baseConfigurationReference = BEA28FE51BD54895F1E19D31 /* Pods-CatFactsTests.release.xcconfig */;
			buildSettings = {
				ALWAYS_EMBED_SWIFT_STANDARD_LIBRARIES = YES;
				BUNDLE_LOADER = "$(TEST_HOST)";
				CODE_SIGN_STYLE = Automatic;
				DEVELOPMENT_TEAM = 8JH59DJ45H;
				INFOPLIST_FILE = CatFactsTests/Info.plist;
				IPHONEOS_DEPLOYMENT_TARGET = 14.5;
				LD_RUNPATH_SEARCH_PATHS = (
					"$(inherited)",
					"@executable_path/Frameworks",
					"@loader_path/Frameworks",
				);
				PRODUCT_BUNDLE_IDENTIFIER = cz.ivannikov.CatFactsTests;
				PRODUCT_NAME = "$(TARGET_NAME)";
				SWIFT_VERSION = 5.0;
				TARGETED_DEVICE_FAMILY = "1,2";
				TEST_HOST = "$(BUILT_PRODUCTS_DIR)/CatFacts.app/CatFacts";
			};
			name = Release;
		};
		9CB67CB726AD8ABA009B6376 /* Debug */ = {
			isa = XCBuildConfiguration;
			baseConfigurationReference = B196F9E5615FE2B6B94C2086 /* Pods-CatFacts-CatFactsUITests.debug.xcconfig */;
			buildSettings = {
				ALWAYS_EMBED_SWIFT_STANDARD_LIBRARIES = YES;
				CODE_SIGN_STYLE = Automatic;
				DEVELOPMENT_TEAM = 8JH59DJ45H;
				INFOPLIST_FILE = CatFactsUITests/Info.plist;
				LD_RUNPATH_SEARCH_PATHS = (
					"$(inherited)",
					"@executable_path/Frameworks",
					"@loader_path/Frameworks",
				);
				PRODUCT_BUNDLE_IDENTIFIER = cz.ivannikov.CatFactsUITests;
				PRODUCT_NAME = "$(TARGET_NAME)";
				SWIFT_VERSION = 5.0;
				TARGETED_DEVICE_FAMILY = "1,2";
				TEST_TARGET_NAME = CatFacts;
			};
			name = Debug;
		};
		9CB67CB826AD8ABA009B6376 /* Release */ = {
			isa = XCBuildConfiguration;
			baseConfigurationReference = 7F8A9998C3DE1300BF715540 /* Pods-CatFacts-CatFactsUITests.release.xcconfig */;
			buildSettings = {
				ALWAYS_EMBED_SWIFT_STANDARD_LIBRARIES = YES;
				CODE_SIGN_STYLE = Automatic;
				DEVELOPMENT_TEAM = 8JH59DJ45H;
				INFOPLIST_FILE = CatFactsUITests/Info.plist;
				LD_RUNPATH_SEARCH_PATHS = (
					"$(inherited)",
					"@executable_path/Frameworks",
					"@loader_path/Frameworks",
				);
				PRODUCT_BUNDLE_IDENTIFIER = cz.ivannikov.CatFactsUITests;
				PRODUCT_NAME = "$(TARGET_NAME)";
				SWIFT_VERSION = 5.0;
				TARGETED_DEVICE_FAMILY = "1,2";
				TEST_TARGET_NAME = CatFacts;
			};
			name = Release;
		};
/* End XCBuildConfiguration section */

/* Begin XCConfigurationList section */
		9CB67C8126AD8AB9009B6376 /* Build configuration list for PBXProject "CatFacts" */ = {
			isa = XCConfigurationList;
			buildConfigurations = (
				9CB67CAE26AD8ABA009B6376 /* Debug */,
				9CB67CAF26AD8ABA009B6376 /* Release */,
			);
			defaultConfigurationIsVisible = 0;
			defaultConfigurationName = Release;
		};
		9CB67CB026AD8ABA009B6376 /* Build configuration list for PBXNativeTarget "CatFacts" */ = {
			isa = XCConfigurationList;
			buildConfigurations = (
				9CB67CB126AD8ABA009B6376 /* Debug */,
				9CB67CB226AD8ABA009B6376 /* Release */,
			);
			defaultConfigurationIsVisible = 0;
			defaultConfigurationName = Release;
		};
		9CB67CB326AD8ABA009B6376 /* Build configuration list for PBXNativeTarget "CatFactsTests" */ = {
			isa = XCConfigurationList;
			buildConfigurations = (
				9CB67CB426AD8ABA009B6376 /* Debug */,
				9CB67CB526AD8ABA009B6376 /* Release */,
			);
			defaultConfigurationIsVisible = 0;
			defaultConfigurationName = Release;
		};
		9CB67CB626AD8ABA009B6376 /* Build configuration list for PBXNativeTarget "CatFactsUITests" */ = {
			isa = XCConfigurationList;
			buildConfigurations = (
				9CB67CB726AD8ABA009B6376 /* Debug */,
				9CB67CB826AD8ABA009B6376 /* Release */,
			);
			defaultConfigurationIsVisible = 0;
			defaultConfigurationName = Release;
		};
/* End XCConfigurationList section */
	};
	rootObject = 9CB67C7E26AD8AB9009B6376 /* Project object */;
}
